<Solution>
  <Folder Name="/Solution Items/">
    <File Path=".editorconfig" />
    <File Path="Directory.Build.props" />
    <File Path="Directory.Packages.props" />
    <File Path="NuGet.Config" />
  </Folder>
  <Folder Name="/Tests/">
    <Project Path="EnsyInc.Loom.ServiceTests/EnsyInc.Loom.ServiceTests.csproj" Id="911ec8be-6031-494e-a252-6039affc54a1" />
    <Project Path="EnsyInc.Loom.UnitTests/EnsyInc.Loom.UnitTests.csproj" Id="76655336-1302-4602-8fbd-98f3a0483434" />
  </Folder>
  <Project Path="EnsyInc.Loom.Api/EnsyInc.Loom.Api.csproj" />
  <Project Path="EnsyInc.Loom.Core/EnsyInc.Loom.Core.csproj" Id="3549c03c-75b9-4659-8941-551bdb44ccb4" />
  <Project Path="EnsyInc.Loom.DataAccess/EnsyInc.Loom.DataAccess.csproj" Id="6800d4f2-8637-4b73-989d-9bb8e879296e" />
  <Project Path="EnsyInc.Loom.Migrations/EnsyInc.Loom.Migrations.csproj" Id="8357adca-f523-422f-94ed-1512ca452752" />
  <Project Path="EnsyInc.Loom.Services/EnsyInc.Loom.Services.csproj" Id="c121e928-3fba-440b-8369-ac2b02d4efee" />
</Solution>
